
Microsoft Visual Studio Solution File, Format Version 12.00
# Visual Studio Version 17
VisualStudioVersion = 17.3.32825.248
MinimumVisualStudioVersion = 10.0.40219.1
Project("{FAE04EC0-301F-11D3-BF4B-00C04F79EFBC}") = "ConsoleFileExcelProcessing", "ConsoleFileExcelProcessing\ConsoleFileExcelProcessing.csproj", "{2068290E-94CD-4C49-A260-2B98691CE70F}"
EndProject
Global
	GlobalSection(SolutionConfigurationPlatforms) = preSolution
		Debug|Any CPU = Debug|Any CPU
		Release|Any CPU = Release|Any CPU
	EndGlobalSection
	GlobalSection(ProjectConfigurationPlatforms) = postSolution
		{2068290E-94CD-4C49-A260-2B98691CE70F}.Debug|Any CPU.ActiveCfg = Debug|Any CPU
		{2068290E-94CD-4C49-A260-2B98691CE70F}.Debug|Any CPU.Build.0 = Debug|Any CPU
		{2068290E-94CD-4C49-A260-2B98691CE70F}.Release|Any CPU.ActiveCfg = Release|Any CPU
		{2068290E-94CD-4C49-A260-2B98691CE70F}.Release|Any CPU.Build.0 = Release|Any CPU
	EndGlobalSection
	GlobalSection(SolutionProperties) = preSolution
		HideSolutionNode = FALSE
	EndGlobalSection
	GlobalSection(ExtensibilityGlobals) = postSolution
		SolutionGuid = {FF84DF28-2D02-4A66-89C2-49061092884B}
	EndGlobalSection
EndGlobal
